
Microsoft Visual Studio Solution File, Format Version 12.00
# Visual Studio 15
VisualStudioVersion = 15.0.28307.572
MinimumVisualStudioVersion = 10.0.40219.1
Project("{FAE04EC0-301F-11D3-BF4B-00C04F79EFBC}") = "SnapTest", "SnapTest\SnapTest.csproj", "{38E79D46-7050-41BE-B1EA-DAC16FBBCC09}"
EndProject
Global
	GlobalSection(SolutionConfigurationPlatforms) = preSolution
		Debug|Any CPU = Debug|Any CPU
		Release|Any CPU = Release|Any CPU
	EndGlobalSection
	GlobalSection(ProjectConfigurationPlatforms) = postSolution
		{38E79D46-7050-41BE-B1EA-DAC16FBBCC09}.Debug|Any CPU.ActiveCfg = Debug|Any CPU
		{38E79D46-7050-41BE-B1EA-DAC16FBBCC09}.Debug|Any CPU.Build.0 = Debug|Any CPU
		{38E79D46-7050-41BE-B1EA-DAC16FBBCC09}.Release|Any CPU.ActiveCfg = Release|Any CPU
		{38E79D46-7050-41BE-B1EA-DAC16FBBCC09}.Release|Any CPU.Build.0 = Release|Any CPU
	EndGlobalSection
	GlobalSection(SolutionProperties) = preSolution
		HideSolutionNode = FALSE
	EndGlobalSection
	GlobalSection(ExtensibilityGlobals) = postSolution
		SolutionGuid = {BE73D4A8-E324-438C-ADE9-89F6F6A37737}
	EndGlobalSection
EndGlobal
